lockfileVersion: '9.0'

settings:
  autoInstallPeers: false
  dedupePeers: true
  excludeLinksFromLockfile: false

packageExtensionsChecksum: sha256-JohHJ/+WBUfpStYUsomSgQb++3bm1t684zlxqlJzAMs=

importers:

  .:
    dependencies:
      rolldown-plugin-dts-minify-lite:
        specifier: 0.5.1
        version: 0.5.1(rolldown@1.0.1)
      tsdown-stale-guard:
        specifier: 0.1.2
        version: 0.1.2(tsdown@0.22.0)
    devDependencies:
      tsdown:
        specifier: 0.22.0
        version: 0.22.0

packages:

  '@babel/generator@8.0.0-rc.5':
    resolution: {integrity: sha512-nFZPWz3FHIS7y6rMIVoa/WBwjdutfIaRJIBQjzn+t3RnecZoRNlGmGcyR2wb0T/IgSd50Kz/6dG8/LvMCRunjg==}
    engines: {node: ^22.18.0 || >=24.11.0}

  '@babel/helper-string-parser@8.0.0-rc.5':
    resolution: {integrity: sha512-sN7R8rBvDurfaziNfDEIjIntlazmlkCDGO4SNl2RJ3wRCn+QxspLV7hzYAE8WWVd2joVuT8sUxeePdLp2idI1A==}
    engines: {node: ^22.18.0 || >=24.11.0}

  '@babel/helper-validator-identifier@8.0.0-rc.5':
    resolution: {integrity: sha512-ehJDxHvtbZ85RtX/L2fi0h9AGsBNqB5Euv1EB8RMAvGYvD+2X+QbpzzOpbklnNXO+WSZJNOaetw2BBj27xsWVg==}
    engines: {node: ^22.18.0 || >=24.11.0}

  '@babel/parser@8.0.0-rc.4':
    resolution: {integrity: sha512-0S/1yefMa15N4i2v3t8Fw9pgMHhf2gF6Lc1UEXI96Ls6FNAjqvHHZouZ2ZS/deqLhbMFtmfVeFac6iTsvFbLwA==}
    engines: {node: ^20.19.0 || >=22.12.0}
    hasBin: true

  '@babel/parser@8.0.0-rc.5':
    resolution: {integrity: sha512-/Mfg83rK3+jsRbl4Vbd0jqxc6M1A1/WNFtgrowRM1unEsD3XcNnrBdMM0JWakd0/RN9lseQKwPduW1TiEwKOlQ==}
    engines: {node: ^22.18.0 || >=24.11.0}
    hasBin: true

  '@babel/types@8.0.0-rc.5':
    resolution: {integrity: sha512-JeSVu/m8x/zpp4CLjYHVNXuhEyOkhPXuxM8YOXjh6L4LlvQNKuUNOTo5KdBuKAcTDHw8DquToTaEkhsBqPXOaA==}
    engines: {node: ^22.18.0 || >=24.11.0}

  '@emnapi/core@1.10.0':
    resolution: {integrity: sha512-yq6OkJ4p82CAfPl0u9mQebQHKPJkY7WrIuk205cTYnYe+k2Z8YBh11FrbRG/H6ihirqcacOgl2BIO8oyMQLeXw==}

  '@emnapi/core@1.9.2':
    resolution: {integrity: sha512-UC+ZhH3XtczQYfOlu3lNEkdW/p4dsJ1r/bP7H8+rhao3TTTMO1ATq/4DdIi23XuGoFY+Cz0JmCbdVl0hz9jZcA==}

  '@emnapi/runtime@1.10.0':
    resolution: {integrity: sha512-ewvYlk86xUoGI0zQRNq/mC+16R1QeDlKQy21Ki3oSYXNgLb45GV1P6A0M+/s6nyCuNDqe5VpaY84BzXGwVbwFA==}

  '@emnapi/runtime@1.9.2':
    resolution: {integrity: sha512-3U4+MIWHImeyu1wnmVygh5WlgfYDtyf0k8AbLhMFxOipihf6nrWC4syIm/SwEeec0mNSafiiNnMJwbza/Is6Lw==}

  '@emnapi/wasi-threads@1.2.1':
    resolution: {integrity: sha512-uTII7OYF+/Mes/MrcIOYp5yOtSMLBWSIoLPpcgwipoiKbli6k322tcoFsxoIIxPDqW01SQGAgko4EzZi2BNv2w==}

  '@jridgewell/gen-mapping@0.3.13':
    resolution: {integrity: sha512-2kkt/7niJ6MgEPxF0bYdQ6etZaA+fQvDcLKckhy1yIQOzaoKjBBjSj63/aLVjYE3qhRt5dvM+uUyfCg6UKCBbA==}

  '@jridgewell/remapping@2.3.5':
    resolution: {integrity: sha512-LI9u/+laYG4Ds1TDKSJW2YPrIlcVYOwi2fUC6xB43lueCjgxV4lffOCZCtYFiH6TNOX+tQKXx97T4IKHbhyHEQ==}

  '@jridgewell/resolve-uri@3.1.2':
    resolution: {integrity: sha512-bRISgCIjP20/tbWSPWMEi54QVPRZExkuD9lJL+UIxUKtwVJA8wW1Trb1jMs1RFXo1CBTNZ/5hpC9QvmKWdopKw==}
    engines: {node: '>=6.0.0'}

  '@jridgewell/sourcemap-codec@1.5.5':
    resolution: {integrity: sha512-cYQ9310grqxueWbl+WuIUIaiUaDcj7WOq5fVhEljNVgRfOUhY9fy2zTvfoqWsnebh8Sl70VScFbICvJnLKB0Og==}

  '@jridgewell/trace-mapping@0.3.31':
    resolution: {integrity: sha512-zzNR+SdQSDJzc8joaeP8QQoCQr8NuYx2dIIytl1QeBEZHJ9uW6hebsrYgbz8hJwUQao3TWCMtmfV8Nu1twOLAw==}

  '@napi-rs/wasm-runtime@1.1.4':
    resolution: {integrity: sha512-3NQNNgA1YSlJb/kMH1ildASP9HW7/7kYnRI2szWJaofaS1hWmbGI4H+d3+22aGzXXN9IJ+n+GiFVcGipJP18ow==}
    peerDependencies:
      '@emnapi/core': ^1.7.1
      '@emnapi/runtime': ^1.7.1

  '@oxc-parser/binding-android-arm-eabi@0.126.0':
    resolution: {integrity: sha512-svyoHt25J4741QJ5aa4R+h0iiBeSRt63Lr3aAZcxy2c/NeSE1IfDeMnSij6rIg7EjxkdlXzz613wUjeCeilBNA==}
    engines: {node: ^20.19.0 || >=22.12.0}
    cpu: [arm]
    os: [android]

  '@oxc-parser/binding-android-arm64@0.126.0':
    resolution: {integrity: sha512-hPEBRKgplp1mG9GkINFsr4JVMDNrGJLOqfDaadTWpAoTnzYR5Rmv8RMvB3hJZpiNvbk1aacopdHUP1pggMQ/cw==}
    engines: {node: ^20.19.0 || >=22.12.0}
    cpu: [arm64]
    os: [android]

  '@oxc-parser/binding-darwin-arm64@0.126.0':
    resolution: {integrity: sha512-ccRpu9sdYmznePJQG5halhs0FW5tw5a8zRSoZXOzM1OjoeZ4jiRRruFiPclsD59edoVAK1l83dvfjWz1nQi6lg==}
    engines: {node: ^20.19.0 || >=22.12.0}
    cpu: [arm64]
    os: [darwin]

  '@oxc-parser/binding-darwin-x64@0.126.0':
    resolution: {integrity: sha512-CHB4zVjNSKqx8Fw9pHowzQQnjjuq04i4Ng0Avj+DixlwhwAoMYqlFbocYIlbg+q3zOLGlm7vEHm83jqEMitnyg==}
    engines: {node: ^20.19.0 || >=22.12.0}
    cpu: [x64]
    os: [darwin]

  '@oxc-parser/binding-freebsd-x64@0.126.0':
    resolution: {integrity: sha512-RQ3nEJdcDKBfBjmLJ3Vl1d0KQERPV1P8eUrnBm7+VTYyoaJSPLVFuPg1mlD1hk3n0/879VLFMfusFkBal4ssWQ==}
    engines: {node: ^20.19.0 || >=22.12.0}
    cpu: [x64]
    os: [freebsd]

  '@oxc-parser/binding-linux-arm-gnueabihf@0.126.0':
    resolution: {integrity: sha512-onipc2wCDA7Bauzb4KK1mab0GsEDf4ujiIfWECdnmY/2LlzAoX3xdQRLAUyEDB1kn3yilHBrkmXDdHluyHXxiw==}
    engines: {node: ^20.19.0 || >=22.12.0}
    cpu: [arm]
    os: [linux]

  '@oxc-parser/binding-linux-arm-musleabihf@0.126.0':
    resolution: {integrity: sha512-5BuJJPohrV5NJ8lmcYOMbfRCUGoYH5J9HZHeuqOLwkHXWAuPMN3X1h8bC/2mWjmosdbfTtmyIdX3spS/TkqKNg==}
    engines: {node: ^20.19.0 || >=22.12.0}
    cpu: [arm]
    os: [linux]

  '@oxc-parser/binding-linux-arm64-gnu@0.126.0':
    resolution: {integrity: sha512-r2KApRgm2pOJaduRm6GOT8x0whcr67AyejNkSdzPt34GJ+Y3axcXN2mwlTs+8lfO/SSmpO5ZJGYiHYnxEE0jkw==}
    engines: {node: ^20.19.0 || >=22.12.0}
    cpu: [arm64]
    os: [linux]
    libc: [glibc]

  '@oxc-parser/binding-linux-arm64-musl@0.126.0':
    resolution: {integrity: sha512-FQ+MMh7MT0Dr/u8+RWmWKlfoeWPQyHDbhhxJShJlYtROXXPHsRs9EvmQOZZ3sx4Nn7JU8NX+oyw2YzQ7anBJcA==}
    engines: {node: ^20.19.0 || >=22.12.0}
    cpu: [arm64]
    os: [linux]
    libc: [musl]

  '@oxc-parser/binding-linux-ppc64-gnu@0.126.0':
    resolution: {integrity: sha512-Wv/T8C98hRQhGTlx2XFyLn5raRMp9U1lOQD+YnXNgAr7wHbJJpZ8mDBU7Rw+M3WytGcGTFcr6kqgfyQeHVtLbQ==}
    engines: {node: ^20.19.0 || >=22.12.0}
    cpu: [ppc64]
    os: [linux]
    libc: [glibc]

  '@oxc-parser/binding-linux-riscv64-gnu@0.126.0':
    resolution: {integrity: sha512-DHx1rT1zauW0ZbLHOiQh5AC9Xs3UkWx2XmfZHs+7nnWYr3sagrufoUQC+/XPwwjMIlCFXiFGM0sFh3TyOCZwqA==}
    engines: {node: ^20.19.0 || >=22.12.0}
    cpu: [riscv64]
    os: [linux]
    libc: [glibc]

  '@oxc-parser/binding-linux-riscv64-musl@0.126.0':
    resolution: {integrity: sha512-umDc2mTShH0U2zcEYf8mIJ163seLJNn54ZUZYeI5jD4qlg9izPwoLrC2aNPKlMJTu6u/ysmQWiEvIiaAG+INkw==}
    engines: {node: ^20.19.0 || >=22.12.0}
    cpu: [riscv64]
    os: [linux]
    libc: [musl]

  '@oxc-parser/binding-linux-s390x-gnu@0.126.0':
    resolution: {integrity: sha512-PXXeWayclRtO1pxQEeCpiqIglQdhK2mAI2VX5xnsWdImzSB5GpoQ8TNw7vTCKk2k+GZuxl+q1knncidjCyUP9w==}
    engines: {node: ^20.19.0 || >=22.12.0}
    cpu: [s390x]
    os: [linux]
    libc: [glibc]

  '@oxc-parser/binding-linux-x64-gnu@0.126.0':
    resolution: {integrity: sha512-wzocjxm34TbB3bFlqG65JiLtvf6ZDg2ZxRkLLbgXwDQUNU+0MPjQN8zy/0jBKNA5fnPLk3XeVdZ7Uin+7+CVkg==}
    engines: {node: ^20.19.0 || >=22.12.0}
    cpu: [x64]
    os: [linux]
    libc: [glibc]

  '@oxc-parser/binding-linux-x64-musl@0.126.0':
    resolution: {integrity: sha512-e83uftP60jmkPs2+CW6T6A1GYzN2H6IumDAiTntv9WyHR73PI3ImHNBkYqnA3ukeKI3xjcCbhSh9QeJWmufxGQ==}
    engines: {node: ^20.19.0 || >=22.12.0}
    cpu: [x64]
    os: [linux]
    libc: [musl]

  '@oxc-parser/binding-openharmony-arm64@0.126.0':
    resolution: {integrity: sha512-4WiOILHnPrTDY2/L4mE6PZCYwLN1d3ghma6BuTJ452CCgzRMt3uFplCtR+o3r9zdUWJYb370UizpI9CUcWXr1A==}
    engines: {node: ^20.19.0 || >=22.12.0}
    cpu: [arm64]
    os: [openharmony]

  '@oxc-parser/binding-wasm32-wasi@0.126.0':
    resolution: {integrity: sha512-Y17hhnrQTrxgAxAyAq401vnN9URsAL4s5AjqpG1NDsXSlhe1yBNnns+rC2P6xcMoitgX5nKH2ryYt9oiFRlzLw==}
    engines: {node: '>=14.0.0'}
    cpu: [wasm32]

  '@oxc-parser/binding-win32-arm64-msvc@0.126.0':
    resolution: {integrity: sha512-Znug1u1iRvT4VC3jANz6nhGBHsFwEFMxuimYpJFwMtsB6H5FcEoZRMmH26tHkSTD03JvDmG+gB65W3ajLjPcSw==}
    engines: {node: ^20.19.0 || >=22.12.0}
    cpu: [arm64]
    os: [win32]

  '@oxc-parser/binding-win32-ia32-msvc@0.126.0':
    resolution: {integrity: sha512-qrw7mx5hFFTxVSXToOA40hpnjgNB/DJprZchtB4rDKNLKqkD3F26HbzaQeH1nxAKej0efSZfJd5Sw3qdtOLGhw==}
    engines: {node: ^20.19.0 || >=22.12.0}
    cpu: [ia32]
    os: [win32]

  '@oxc-parser/binding-win32-x64-msvc@0.126.0':
    resolution: {integrity: sha512-ibB1s+mPUFXvS7MFJO2jpw/aCNs/P6ifnWlRyTYB+WYBpniOiCcHQQskZneJtwcjQMDRol3RGG3ihoYnzXSY4w==}
    engines: {node: ^20.19.0 || >=22.12.0}
    cpu: [x64]
    os: [win32]

  '@oxc-project/types@0.126.0':
    resolution: {integrity: sha512-oGfVtjAgwQVVpfBrbtk4e1XDyWHRFta6BS3GWVzrF8xYBT2VGQAk39yJS/wFSMrZqoiCU4oghT3Ch0HaHGIHcQ==}

  '@oxc-project/types@0.130.0':
    resolution: {integrity: sha512-ibD2usx9JRu7f5pu2tMKMI4cpA4NgXJQoYRP4pQ7Pxmn1l6k/53qWtQWZayhYy3X4QZkt90Ot+mJEaeXouio6Q==}

  '@quansync/fs@1.0.0':
    resolution: {integrity: sha512-4TJ3DFtlf1L5LDMaM6CanJ/0lckGNtJcMjQ1NAV6zDmA0tEHKZtxNKin8EgPaVX1YzljbxckyT2tJrpQKAtngQ==}

  '@rolldown/binding-android-arm64@1.0.1':
    resolution: {integrity: sha512-fJI3I0r3C3Oj/zdBCpaCmBRZYf07xpaq4yCfDDoSFm+beWNzbIl26puW8RraUdugoJw/95zerNOn6jasAhzSmg==}
    engines: {node: ^20.19.0 || >=22.12.0}
    cpu: [arm64]
    os: [android]

  '@rolldown/binding-darwin-arm64@1.0.1':
    resolution: {integrity: sha512-cKnAhWEsV7TPcA/5EAteDp6KcJZBQ2G+BqE7zayMMi7kMvwRsbv7WT9aOnn0WNl4SKEIf43vjS31iUPu80nzXg==}
    engines: {node: ^20.19.0 || >=22.12.0}
    cpu: [arm64]
    os: [darwin]

  '@rolldown/binding-darwin-x64@1.0.1':
    resolution: {integrity: sha512-YKrVwQjIRBPo+5G/u03wGjbdy4q7pyzCe93DK9VJ7zkVmeg8LJ7GbgsiHWdR4xSoe4CAXRD7Bcjgbtr64bkXNg==}
    engines: {node: ^20.19.0 || >=22.12.0}
    cpu: [x64]
    os: [darwin]

  '@rolldown/binding-freebsd-x64@1.0.1':
    resolution: {integrity: sha512-z/oBsREo46SsFqBwYtFe0kpJeBijAT48O/WXLI4suiCLBkr03RTtTJMCzSdDd2znlh8VJizL09XVkQgk8IZonw==}
    engines: {node: ^20.19.0 || >=22.12.0}
    cpu: [x64]
    os: [freebsd]

  '@rolldown/binding-linux-arm-gnueabihf@1.0.1':
    resolution: {integrity: sha512-ik8q7GM11zxvYxFc2PeDcT6TBvhCQMaUxfph/M5l9sKuTs/Sjg3L+Byw0F7w0ZVLBZmx30P+gG0ECzzN+MFcmQ==}
    engines: {node: ^20.19.0 || >=22.12.0}
    cpu: [arm]
    os: [linux]

  '@rolldown/binding-linux-arm64-gnu@1.0.1':
    resolution: {integrity: sha512-QoSx2EkyrrdZ6kcyE8stqZ62t0Yra8Fs5ia9lOxJrh6TMQJK7gQKmscdTHf7pOXKREKrVwOtJcQG3qVSfc866A==}
    engines: {node: ^20.19.0 || >=22.12.0}
    cpu: [arm64]
    os: [linux]
    libc: [glibc]

  '@rolldown/binding-linux-arm64-musl@1.0.1':
    resolution: {integrity: sha512-uwNwFpwKeNiZawfAWBgg0VIztPTV3ihhh1vV334h9ivnNLorxnQMU6Fz8wG1Zb4Qh9LC1/MkcyT3YlDXG3Rsgg==}
    engines: {node: ^20.19.0 || >=22.12.0}
    cpu: [arm64]
    os: [linux]
    libc: [musl]

  '@rolldown/binding-linux-ppc64-gnu@1.0.1':
    resolution: {integrity: sha512-zY1bul7OWr7DFBiJ++wofXvnr8B45ce3QsQUhKrIhXsygAh7bTkwyeM1bi1a2g5C/yC/N8TZyGDEoMfm/l9mpg==}
    engines: {node: ^20.19.0 || >=22.12.0}
    cpu: [ppc64]
    os: [linux]
    libc: [glibc]

  '@rolldown/binding-linux-s390x-gnu@1.0.1':
    resolution: {integrity: sha512-0frlsT/f4Ft6I7SMESTKnF3cZsdicQn1dCMkF/jT9wDLE+gGoiQfv1nmT9e+s7s/fekvvy6tZM2jHvI2tkbJDQ==}
    engines: {node: ^20.19.0 || >=22.12.0}
    cpu: [s390x]
    os: [linux]
    libc: [glibc]

  '@rolldown/binding-linux-x64-gnu@1.0.1':
    resolution: {integrity: sha512-XABVmGp9Tg0WspTVvwduTc4fpqy6JnAUrSQe6OuyqD/03nI7r0O9OWUkMIwFrjKAIqolvqoA4ZrJppgwE0Gxmw==}
    engines: {node: ^20.19.0 || >=22.12.0}
    cpu: [x64]
    os: [linux]
    libc: [glibc]

  '@rolldown/binding-linux-x64-musl@1.0.1':
    resolution: {integrity: sha512-bV4fzswuzVcKD90o/VM6QqKxnxlDq0g2BISDLNVmxrnhpv1DDbyPhCIjYfvzYLV+MvkKKnQt2Q6AO86SEBULUQ==}
    engines: {node: ^20.19.0 || >=22.12.0}
    cpu: [x64]
    os: [linux]
    libc: [musl]

  '@rolldown/binding-openharmony-arm64@1.0.1':
    resolution: {integrity: sha512-/Mh0Zhq3OP7fVs0kcQHZP6lZEthMGTaSf8UBQYSFEZDWGXXlEC+nJ6EqenaK2t4LBXMe3A+K/G2BVXXdtOr4PQ==}
    engines: {node: ^20.19.0 || >=22.12.0}
    cpu: [arm64]
    os: [openharmony]

  '@rolldown/binding-wasm32-wasi@1.0.1':
    resolution: {integrity: sha512-+1xc9X45l8ufsBAm6Gjvx2qDRIY9lTVt0cgWNcJ+1gdhXvkbxePA60yRTwSTuXL09CMhyJmjpV7E3NoyxbqFQQ==}
    engines: {node: ^20.19.0 || >=22.12.0}
    cpu: [wasm32]

  '@rolldown/binding-win32-arm64-msvc@1.0.1':
    resolution: {integrity: sha512-1D+UqZdfnuR+Jy1GgMJwi85bD40H21uNmOPRWQhw4oRSuolZ/B5rixZ45DK2KXOTCvmVCecauWgEhbw8bI7tOw==}
    engines: {node: ^20.19.0 || >=22.12.0}
    cpu: [arm64]
    os: [win32]

  '@rolldown/binding-win32-x64-msvc@1.0.1':
    resolution: {integrity: sha512-INAycaWuhlOK3wk4mRHGsdgwYWmd9cChdPdE9bwWmy6rn9VqVNYNFGhOdXrofXUxwHIncSiPNb8tNm8knDVIeQ==}
    engines: {node: ^20.19.0 || >=22.12.0}
    cpu: [x64]
    os: [win32]

  '@rolldown/pluginutils@1.0.1':
    resolution: {integrity: sha512-2j9bGt5Jh8hj+vPtgzPtl72j0yRxHAyumoo6TNfAjsLB04UtpSvPbPcDcBMxz7n+9CYB0c1GxQFxYRg2jimqGw==}

  '@tybys/wasm-util@0.10.2':
    resolution: {integrity: sha512-RoBvJ2X0wuKlWFIjrwffGw1IqZHKQqzIchKaadZZfnNpsAYp2mM0h36JtPCjNDAHGgYez/15uMBpfGwchhiMgg==}

  '@types/estree@1.0.9':
    resolution: {integrity: sha512-GhdPgy1el4/ImP05X05Uw4cw2/M93BCUmnEvWZNStlCzEKME4Fkk+YpoA5OiHNQmoS7Cafb8Xa3Pya8m1Qrzeg==}

  '@types/jsesc@2.5.1':
    resolution: {integrity: sha512-9VN+6yxLOPLOav+7PwjZbxiID2bVaeq0ED4qSQmdQTdjnXJSaCVKTR58t15oqH1H5t8Ng2ZX1SabJVoN9Q34bw==}

  ansis@4.3.0:
    resolution: {integrity: sha512-44mvgtPvohuU/70DdY5Oz2AIrLJ9k6/5x4KmoSvPwO+5Moijo0+N9D0fKbbYZQWP1hNm5CpOf+E01jhxG/r8xg==}
    engines: {node: '>=14'}

  ast-kit@3.0.0-beta.1:
    resolution: {integrity: sha512-trmleAnZ2PxN/loHWVhhx1qeOHSRXq4TDsBBxq3GqeJitfk3+jTQ+v/C1km/KYq9M7wKqCewMh+/NAvVH7m+bw==}
    engines: {node: '>=20.19.0'}

  birpc@4.0.0:
    resolution: {integrity: sha512-LShSxJP0KTmd101b6DRyGBj57LZxSDYWKitQNW/mi8GRMvZb078Uf9+pveax1DrVL89vm7mWe+TovdI/UDOuPw==}

  cac@7.0.0:
    resolution: {integrity: sha512-tixWYgm5ZoOD+3g6UTea91eow5z6AAHaho3g0V9CNSNb45gM8SmflpAc+GRd1InC4AqN/07Unrgp56Y94N9hJQ==}
    engines: {node: '>=20.19.0'}

  defu@6.1.7:
    resolution: {integrity: sha512-7z22QmUWiQ/2d0KkdYmANbRUVABpZ9SNYyH5vx6PZ+nE5bcC0l7uFvEfHlyld/HcGBFTL536ClDt3DEcSlEJAQ==}

  dts-minify-lite@0.5.4:
    resolution: {integrity: sha512-dRfBiaDGZRir8ZQV4VvH1qC414RIiU6qtOLuXlWtNscf42QmVzuyi9xCli5DQ9Y13Mh5EQOeOD4s5CKj+jpecg==}

  dts-resolver@3.0.0:
    resolution: {integrity: sha512-1T1f+z+4tl9XD+m+0HBgWoL/nm0bOIffyWaUuUSBlFg/86IWvfx+wjNaO/ybU0AJzG9/Mi5hBUgGV6zCmWEN7Q==}
    engines: {node: ^22.18.0 || >=24.0.0}
    peerDependencies:
      oxc-resolver: '>=11.0.0'
    peerDependenciesMeta:
      oxc-resolver:
        optional: true

  empathic@2.0.1:
    resolution: {integrity: sha512-YGRs8knHhKHVShLkFET/rWAU8kmHbOV5LwN938RHI0pljAJ1Gf6SzXsSmRaEzcXTtOOmVqJ5+WtQPL5uigY50Q==}
    engines: {node: '>=14'}

  estree-walker@3.0.3:
    resolution: {integrity: sha512-7RUKfXgSMMkzt6ZuXmqapOurLGPPfgj6l9uRZ7lRGolvk0y2yocc35LdcxKC5PQZdn2DMqioAQ2NoWcrTKmm6g==}

  fdir@6.5.0:
    resolution: {integrity: sha512-tIbYtZbucOs0BRGqPJkshJUYdL+SDH7dVM8gjy+ERp3WAUjLEFJE+02kanyHtwjWOnwrKYBiwAmM0p4kLJAnXg==}
    engines: {node: '>=12.0.0'}
    peerDependencies:
      picomatch: ^3 || ^4
    peerDependenciesMeta:
      picomatch:
        optional: true

  get-tsconfig@5.0.0-beta.5:
    resolution: {integrity: sha512-/6gFNr0N04nob252sTQxyFLi3eKFRqIg1I87YcqAMT1i6SQrSF6KujUEQrtrjMV0H/eejTCltLdDSTEMzHbnsQ==}
    engines: {node: '>=20.20.0'}

  hookable@6.1.1:
    resolution: {integrity: sha512-U9LYDy1CwhMCnprUfeAZWZGByVbhd54hwepegYTK7Pi5NvqEj63ifz5z+xukznehT7i6NIZRu89Ay1AZmRsLEQ==}

  import-without-cache@0.4.0:
    resolution: {integrity: sha512-NkJQA7oZ4YHQhd2+H3BoRFKF3d/XNsiKpHZCQEMH9pDX27hQQLsTyOocyRgaIVtf8gHX3Nt3LPkR4e5EdtPAGQ==}
    engines: {node: ^22.18.0 || >=24.0.0}

  jsesc@3.1.0:
    resolution: {integrity: sha512-/sM3dO2FOzXjKQhJuo0Q173wf2KOo8t4I8vHy6lF9poUp7bKT0/NHE8fPX23PwfhnykfqnC2xRxOnVw5XuGIaA==}
    engines: {node: '>=6'}
    hasBin: true

  logs-sdk@0.0.6:
    resolution: {integrity: sha512-G4M1C9aLLBOIWpmw/Lqk4zrap/T2IJsoUOuUDjRcVSLy6lHQqxr3wCqIT1FvvpYTUYpEwvu4utsMY42jTNvx8Q==}

  magic-string@0.30.21:
    resolution: {integrity: sha512-vd2F4YUyEXKGcLHoq+TEyCjxueSeHnFxyyjNp80yg0XV4vUhnDer/lvvlqM/arB5bXQN5K2/3oinyCRyx8T2CQ==}

  obug@2.1.1:
    resolution: {integrity: sha512-uTqF9MuPraAQ+IsnPf366RG4cP9RtUi7MLO1N3KEc+wb0a6yKpeL0lmk2IB1jY5KHPAlTc6T/JRdC/YqxHNwkQ==}

  oxc-parser@0.126.0:
    resolution: {integrity: sha512-FktCvLby/mOHyuijZt22+nOt10dS24gGUZE3XwIbUg7Kf4+rer3/5T7RgwzazlNuVsCjPloZ3p8E+4ONT3A8Kw==}
    engines: {node: ^20.19.0 || >=22.12.0}

  pathe@2.0.3:
    resolution: {integrity: sha512-WUjGcAqP1gQacoQe+OBJsFA7Ld4DyXuUIjZ5cc75cLHvJ7dtNsTugphxIADwspS+AraAUePCKrSVtPLFj/F88w==}

  picomatch@4.0.4:
    resolution: {integrity: sha512-QP88BAKvMam/3NxH6vj2o21R6MjxZUAd6nlwAS/pnGvN9IVLocLHxGYIzFhg6fUQ+5th6P4dv4eW9jX3DSIj7A==}
    engines: {node: '>=12'}

  quansync@1.0.0:
    resolution: {integrity: sha512-5xZacEEufv3HSTPQuchrvV6soaiACMFnq1H8wkVioctoH3TRha9Sz66lOxRwPK/qZj7HPiSveih9yAyh98gvqA==}

  resolve-pkg-maps@1.0.0:
    resolution: {integrity: sha512-seS2Tj26TBVOC2NIc2rOe2y2ZO7efxITtLZcGSOnHHNOQ7CkiUBfw0Iw2ck6xkIhPwLhKNLS8BO+hEpngQlqzw==}

  rolldown-plugin-dts-minify-lite@0.5.1:
    resolution: {integrity: sha512-f9GKoogrQW9UgivnfCWVY19GWmf8PWa2t3jNulbB2xqJxfzCf4OphBS2O/cFfm6nQg/KITrH6A86LN7BToHYug==}
    peerDependencies:
      rolldown: '>=1.0.0-rc.1'

  rolldown-plugin-dts@0.25.1:
    resolution: {integrity: sha512-zK82aC/8z1iVW+g0bCnlQZq04Y5bNeL/RcRwTYBwsnU6wH0N+6vpIFkN7JC0kYRS5qKA+pxQyfIPvXJ6Q5xSpQ==}
    engines: {node: ^22.18.0 || >=24.0.0}
    peerDependencies:
      '@ts-macro/tsc': ^0.3.6
      '@typescript/native-preview': '>=7.0.0-dev.20260325.1'
      rolldown: ^1.0.0
      typescript: ^5.0.0 || ^6.0.0
      vue-tsc: ~3.2.0
    peerDependenciesMeta:
      '@ts-macro/tsc':
        optional: true
      '@typescript/native-preview':
        optional: true
      typescript:
        optional: true
      vue-tsc:
        optional: true

  rolldown@1.0.1:
    resolution: {integrity: sha512-X0KQHljNnEkWNqqiz9zJrGunh1B0HgOxLXvnFpCOcadzcy5qohZ3tqMEUg00vncoRovXuK3ZqCT9KnnKzoInFQ==}
    engines: {node: ^20.19.0 || >=22.12.0}
    hasBin: true

  semver@7.8.0:
    resolution: {integrity: sha512-AcM7dV/5ul4EekoQ29Agm5vri8JNqRyj39o0qpX6vDF2GZrtutZl5RwgD1XnZjiTAfncsJhMI48QQH3sN87YNA==}
    engines: {node: '>=10'}
    hasBin: true

  tinyexec@1.1.2:
    resolution: {integrity: sha512-dAqSqE/RabpBKI8+h26GfLq6Vb3JVXs30XYQjdMjaj/c2tS8IYYMbIzP599KtRj7c57/wYApb3QjgRgXmrCukA==}
    engines: {node: '>=18'}

  tinyglobby@0.2.16:
    resolution: {integrity: sha512-pn99VhoACYR8nFHhxqix+uvsbXineAasWm5ojXoN8xEwK5Kd3/TrhNn1wByuD52UxWRLy8pu+kRMniEi6Eq9Zg==}
    engines: {node: '>=12.0.0'}

  tree-kill@1.2.2:
    resolution: {integrity: sha512-L0Orpi8qGpRG//Nd+H90vFB+3iHnue1zSSGmNOOCh1GLJ7rUKVwV2HvijphGQS2UmhUZewS9VgvxYIdgr+fG1A==}
    hasBin: true

  tsdown-stale-guard@0.1.2:
    resolution: {integrity: sha512-hO/quV9SK1KlwluplT9u9gnsK8w7QG3Zmr+a9W6K8CeCavfP5TOsrne35qQiOS1PzPv/Jo8PYOsOckqBs9JIUg==}
    hasBin: true
    peerDependencies:
      tsdown: ^0.21.9 || ^0.22.0

  tsdown@0.22.0:
    resolution: {integrity: sha512-FgW0hHb27nGQA/+F3d5+U9wKXkfilk9DVkc5+7x/ZqF03g+Hoz/eeApT32jqxATt9eRoR+1jxk7MUMON+O4CXw==}
    engines: {node: ^22.18.0 || >=24.0.0}
    hasBin: true
    peerDependencies:
      '@arethetypeswrong/core': ^0.18.1
      '@tsdown/css': 0.22.0
      '@tsdown/exe': 0.22.0
      '@vitejs/devtools': '*'
      publint: ^0.3.8
      tsx: '*'
      typescript: ^5.0.0 || ^6.0.0
      unplugin-unused: ^0.5.0
      unrun: '*'
    peerDependenciesMeta:
      '@arethetypeswrong/core':
        optional: true
      '@tsdown/css':
        optional: true
      '@tsdown/exe':
        optional: true
      '@vitejs/devtools':
        optional: true
      publint:
        optional: true
      tsx:
        optional: true
      typescript:
        optional: true
      unplugin-unused:
        optional: true
      unrun:
        optional: true

  tslib@2.8.1:
    resolution: {integrity: sha512-oJFu94HQb+KVduSUQL7wnpmqnfmLsOA/nAh6b6EH0wCEoK0/mPeXU6c3wKDV83MkOuHPRHtSXKKU99IBazS/2w==}

  unconfig-core@7.5.0:
    resolution: {integrity: sha512-Su3FauozOGP44ZmKdHy2oE6LPjk51M/TRRjHv2HNCWiDvfvCoxC2lno6jevMA91MYAdCdwP05QnWdWpSbncX/w==}

  unplugin@3.0.0:
    resolution: {integrity: sha512-0Mqk3AT2TZCXWKdcoaufeXNukv2mTrEZExeXlHIOZXdqYoHHr4n51pymnwV8x2BOVxwXbK2HLlI7usrqMpycdg==}
    engines: {node: ^20.19.0 || >=22.12.0}

  webpack-virtual-modules@0.6.2:
    resolution: {integrity: sha512-66/V2i5hQanC51vBQKPH4aI8NMAcBW59FVBs+rC7eGHupMyfn34q7rZIE+ETlJ+XTevqfUhVVBgSUNSW2flEUQ==}

  yaml@2.9.0:
    resolution: {integrity: sha512-2AvhNX3mb8zd6Zy7INTtSpl1F15HW6Wnqj0srWlkKLcpYl/gMIMJiyuGq2KeI2YFxUPjdlB+3Lc10seMLtL4cA==}
    engines: {node: '>= 14.6'}
    hasBin: true

snapshots:

  '@babel/generator@8.0.0-rc.5':
    dependencies:
      '@babel/parser': 8.0.0-rc.5
      '@babel/types': 8.0.0-rc.5
      '@jridgewell/gen-mapping': 0.3.13
      '@jridgewell/trace-mapping': 0.3.31
      '@types/jsesc': 2.5.1
      jsesc: 3.1.0

  '@babel/helper-string-parser@8.0.0-rc.5': {}

  '@babel/helper-validator-identifier@8.0.0-rc.5': {}

  '@babel/parser@8.0.0-rc.4':
    dependencies:
      '@babel/types': 8.0.0-rc.5

  '@babel/parser@8.0.0-rc.5':
    dependencies:
      '@babel/types': 8.0.0-rc.5

  '@babel/types@8.0.0-rc.5':
    dependencies:
      '@babel/helper-string-parser': 8.0.0-rc.5
      '@babel/helper-validator-identifier': 8.0.0-rc.5

  '@emnapi/core@1.10.0':
    dependencies:
      '@emnapi/wasi-threads': 1.2.1
      tslib: 2.8.1
    optional: true

  '@emnapi/core@1.9.2':
    dependencies:
      '@emnapi/wasi-threads': 1.2.1
      tslib: 2.8.1
    optional: true

  '@emnapi/runtime@1.10.0':
    dependencies:
      tslib: 2.8.1
    optional: true

  '@emnapi/runtime@1.9.2':
    dependencies:
      tslib: 2.8.1
    optional: true

  '@emnapi/wasi-threads@1.2.1':
    dependencies:
      tslib: 2.8.1
    optional: true

  '@jridgewell/gen-mapping@0.3.13':
    dependencies:
      '@jridgewell/sourcemap-codec': 1.5.5
      '@jridgewell/trace-mapping': 0.3.31

  '@jridgewell/remapping@2.3.5':
    dependencies:
      '@jridgewell/gen-mapping': 0.3.13
      '@jridgewell/trace-mapping': 0.3.31

  '@jridgewell/resolve-uri@3.1.2': {}

  '@jridgewell/sourcemap-codec@1.5.5': {}

  '@jridgewell/trace-mapping@0.3.31':
    dependencies:
      '@jridgewell/resolve-uri': 3.1.2
      '@jridgewell/sourcemap-codec': 1.5.5

  '@napi-rs/wasm-runtime@1.1.4(@emnapi/core@1.10.0)(@emnapi/runtime@1.10.0)':
    dependencies:
      '@emnapi/core': 1.10.0
      '@emnapi/runtime': 1.10.0
      '@tybys/wasm-util': 0.10.2
    optional: true

  '@napi-rs/wasm-runtime@1.1.4(@emnapi/core@1.9.2)(@emnapi/runtime@1.9.2)':
    dependencies:
      '@emnapi/core': 1.9.2
      '@emnapi/runtime': 1.9.2
      '@tybys/wasm-util': 0.10.2
    optional: true

  '@oxc-parser/binding-android-arm-eabi@0.126.0':
    optional: true

  '@oxc-parser/binding-android-arm64@0.126.0':
    optional: true

  '@oxc-parser/binding-darwin-arm64@0.126.0':
    optional: true

  '@oxc-parser/binding-darwin-x64@0.126.0':
    optional: true

  '@oxc-parser/binding-freebsd-x64@0.126.0':
    optional: true

  '@oxc-parser/binding-linux-arm-gnueabihf@0.126.0':
    optional: true

  '@oxc-parser/binding-linux-arm-musleabihf@0.126.0':
    optional: true

  '@oxc-parser/binding-linux-arm64-gnu@0.126.0':
    optional: true

  '@oxc-parser/binding-linux-arm64-musl@0.126.0':
    optional: true

  '@oxc-parser/binding-linux-ppc64-gnu@0.126.0':
    optional: true

  '@oxc-parser/binding-linux-riscv64-gnu@0.126.0':
    optional: true

  '@oxc-parser/binding-linux-riscv64-musl@0.126.0':
    optional: true

  '@oxc-parser/binding-linux-s390x-gnu@0.126.0':
    optional: true

  '@oxc-parser/binding-linux-x64-gnu@0.126.0':
    optional: true

  '@oxc-parser/binding-linux-x64-musl@0.126.0':
    optional: true

  '@oxc-parser/binding-openharmony-arm64@0.126.0':
    optional: true

  '@oxc-parser/binding-wasm32-wasi@0.126.0':
    dependencies:
      '@emnapi/core': 1.9.2
      '@emnapi/runtime': 1.9.2
      '@napi-rs/wasm-runtime': 1.1.4(@emnapi/core@1.9.2)(@emnapi/runtime@1.9.2)
    optional: true

  '@oxc-parser/binding-win32-arm64-msvc@0.126.0':
    optional: true

  '@oxc-parser/binding-win32-ia32-msvc@0.126.0':
    optional: true

  '@oxc-parser/binding-win32-x64-msvc@0.126.0':
    optional: true

  '@oxc-project/types@0.126.0': {}

  '@oxc-project/types@0.130.0': {}

  '@quansync/fs@1.0.0':
    dependencies:
      quansync: 1.0.0

  '@rolldown/binding-android-arm64@1.0.1':
    optional: true

  '@rolldown/binding-darwin-arm64@1.0.1':
    optional: true

  '@rolldown/binding-darwin-x64@1.0.1':
    optional: true

  '@rolldown/binding-freebsd-x64@1.0.1':
    optional: true

  '@rolldown/binding-linux-arm-gnueabihf@1.0.1':
    optional: true

  '@rolldown/binding-linux-arm64-gnu@1.0.1':
    optional: true

  '@rolldown/binding-linux-arm64-musl@1.0.1':
    optional: true

  '@rolldown/binding-linux-ppc64-gnu@1.0.1':
    optional: true

  '@rolldown/binding-linux-s390x-gnu@1.0.1':
    optional: true

  '@rolldown/binding-linux-x64-gnu@1.0.1':
    optional: true

  '@rolldown/binding-linux-x64-musl@1.0.1':
    optional: true

  '@rolldown/binding-openharmony-arm64@1.0.1':
    optional: true

  '@rolldown/binding-wasm32-wasi@1.0.1':
    dependencies:
      '@emnapi/core': 1.10.0
      '@emnapi/runtime': 1.10.0
      '@napi-rs/wasm-runtime': 1.1.4(@emnapi/core@1.10.0)(@emnapi/runtime@1.10.0)
    optional: true

  '@rolldown/binding-win32-arm64-msvc@1.0.1':
    optional: true

  '@rolldown/binding-win32-x64-msvc@1.0.1':
    optional: true

  '@rolldown/pluginutils@1.0.1': {}

  '@tybys/wasm-util@0.10.2':
    dependencies:
      tslib: 2.8.1
    optional: true

  '@types/estree@1.0.9': {}

  '@types/jsesc@2.5.1': {}

  ansis@4.3.0: {}

  ast-kit@3.0.0-beta.1:
    dependencies:
      '@babel/parser': 8.0.0-rc.4
      estree-walker: 3.0.3
      pathe: 2.0.3

  birpc@4.0.0: {}

  cac@7.0.0: {}

  defu@6.1.7: {}

  dts-minify-lite@0.5.4: {}

  dts-resolver@3.0.0: {}

  empathic@2.0.1: {}

  estree-walker@3.0.3:
    dependencies:
      '@types/estree': 1.0.9

  fdir@6.5.0(picomatch@4.0.4):
    optionalDependencies:
      picomatch: 4.0.4

  get-tsconfig@5.0.0-beta.5:
    dependencies:
      resolve-pkg-maps: 1.0.0

  hookable@6.1.1: {}

  import-without-cache@0.4.0: {}

  jsesc@3.1.0: {}

  logs-sdk@0.0.6:
    dependencies:
      magic-string: 0.30.21
      oxc-parser: 0.126.0
      unplugin: 3.0.0

  magic-string@0.30.21:
    dependencies:
      '@jridgewell/sourcemap-codec': 1.5.5

  obug@2.1.1: {}

  oxc-parser@0.126.0:
    dependencies:
      '@oxc-project/types': 0.126.0
    optionalDependencies:
      '@oxc-parser/binding-android-arm-eabi': 0.126.0
      '@oxc-parser/binding-android-arm64': 0.126.0
      '@oxc-parser/binding-darwin-arm64': 0.126.0
      '@oxc-parser/binding-darwin-x64': 0.126.0
      '@oxc-parser/binding-freebsd-x64': 0.126.0
      '@oxc-parser/binding-linux-arm-gnueabihf': 0.126.0
      '@oxc-parser/binding-linux-arm-musleabihf': 0.126.0
      '@oxc-parser/binding-linux-arm64-gnu': 0.126.0
      '@oxc-parser/binding-linux-arm64-musl': 0.126.0
      '@oxc-parser/binding-linux-ppc64-gnu': 0.126.0
      '@oxc-parser/binding-linux-riscv64-gnu': 0.126.0
      '@oxc-parser/binding-linux-riscv64-musl': 0.126.0
      '@oxc-parser/binding-linux-s390x-gnu': 0.126.0
      '@oxc-parser/binding-linux-x64-gnu': 0.126.0
      '@oxc-parser/binding-linux-x64-musl': 0.126.0
      '@oxc-parser/binding-openharmony-arm64': 0.126.0
      '@oxc-parser/binding-wasm32-wasi': 0.126.0
      '@oxc-parser/binding-win32-arm64-msvc': 0.126.0
      '@oxc-parser/binding-win32-ia32-msvc': 0.126.0
      '@oxc-parser/binding-win32-x64-msvc': 0.126.0

  pathe@2.0.3: {}

  picomatch@4.0.4: {}

  quansync@1.0.0: {}

  resolve-pkg-maps@1.0.0: {}

  rolldown-plugin-dts-minify-lite@0.5.1(rolldown@1.0.1):
    dependencies:
      dts-minify-lite: 0.5.4
      rolldown: 1.0.1

  rolldown-plugin-dts@0.25.1(rolldown@1.0.1):
    dependencies:
      '@babel/generator': 8.0.0-rc.5
      '@babel/helper-validator-identifier': 8.0.0-rc.5
      '@babel/parser': 8.0.0-rc.4
      ast-kit: 3.0.0-beta.1
      birpc: 4.0.0
      dts-resolver: 3.0.0
      get-tsconfig: 5.0.0-beta.5
      obug: 2.1.1
      rolldown: 1.0.1
    transitivePeerDependencies:
      - oxc-resolver

  rolldown@1.0.1:
    dependencies:
      '@oxc-project/types': 0.130.0
      '@rolldown/pluginutils': 1.0.1
    optionalDependencies:
      '@rolldown/binding-android-arm64': 1.0.1
      '@rolldown/binding-darwin-arm64': 1.0.1
      '@rolldown/binding-darwin-x64': 1.0.1
      '@rolldown/binding-freebsd-x64': 1.0.1
      '@rolldown/binding-linux-arm-gnueabihf': 1.0.1
      '@rolldown/binding-linux-arm64-gnu': 1.0.1
      '@rolldown/binding-linux-arm64-musl': 1.0.1
      '@rolldown/binding-linux-ppc64-gnu': 1.0.1
      '@rolldown/binding-linux-s390x-gnu': 1.0.1
      '@rolldown/binding-linux-x64-gnu': 1.0.1
      '@rolldown/binding-linux-x64-musl': 1.0.1
      '@rolldown/binding-openharmony-arm64': 1.0.1
      '@rolldown/binding-wasm32-wasi': 1.0.1
      '@rolldown/binding-win32-arm64-msvc': 1.0.1
      '@rolldown/binding-win32-x64-msvc': 1.0.1

  semver@7.8.0: {}

  tinyexec@1.1.2: {}

  tinyglobby@0.2.16:
    dependencies:
      fdir: 6.5.0(picomatch@4.0.4)
      picomatch: 4.0.4

  tree-kill@1.2.2: {}

  tsdown-stale-guard@0.1.2(tsdown@0.22.0):
    dependencies:
      cac: 7.0.0
      logs-sdk: 0.0.6
      tsdown: 0.22.0
      yaml: 2.9.0

  tsdown@0.22.0:
    dependencies:
      ansis: 4.3.0
      cac: 7.0.0
      defu: 6.1.7
      empathic: 2.0.1
      hookable: 6.1.1
      import-without-cache: 0.4.0
      obug: 2.1.1
      picomatch: 4.0.4
      rolldown: 1.0.1
      rolldown-plugin-dts: 0.25.1(rolldown@1.0.1)
      semver: 7.8.0
      tinyexec: 1.1.2
      tinyglobby: 0.2.16
      tree-kill: 1.2.2
      unconfig-core: 7.5.0
    transitivePeerDependencies:
      - '@ts-macro/tsc'
      - '@typescript/native-preview'
      - oxc-resolver
      - vue-tsc

  tslib@2.8.1:
    optional: true

  unconfig-core@7.5.0:
    dependencies:
      '@quansync/fs': 1.0.0
      quansync: 1.0.0

  unplugin@3.0.0:
    dependencies:
      '@jridgewell/remapping': 2.3.5
      picomatch: 4.0.4
      webpack-virtual-modules: 0.6.2

  webpack-virtual-modules@0.6.2: {}

  yaml@2.9.0: {}
